
Microsoft Visual Studio Solution File, Format Version 12.00
# Visual Studio 15
VisualStudioVersion = 15.0.26430.6
MinimumVisualStudioVersion = 10.0.40219.1
Project("{8BC9CEB8-8B4A-11D0-8D11-00A0C91BC942}") = "libstob", "libstob\libstob.vcxproj", "{84761611-0B45-430F-8819-8975B521FE9A}"
EndProject
Project("{8BC9CEB8-8B4A-11D0-8D11-00A0C91BC942}") = "test_parser", "test_parser\test_parser.vcxproj", "{6BA680AF-291C-414C-84D9-F2F4CFE81423}"
EndProject
Project("{8BC9CEB8-8B4A-11D0-8D11-00A0C91BC942}") = "test_dom", "test_dom\test_dom.vcxproj", "{F64A50C3-EE8A-4BA7-AF31-0C9F58AFD8E8}"
EndProject
Global
	GlobalSection(SolutionConfigurationPlatforms) = preSolution
		v140_Debug|x64 = v140_Debug|x64
		v140_Debug|x86 = v140_Debug|x86
		v140_Release|x64 = v140_Release|x64
		v140_Release|x86 = v140_Release|x86
	EndGlobalSection
	GlobalSection(ProjectConfigurationPlatforms) = postSolution
		{84761611-0B45-430F-8819-8975B521FE9A}.v140_Debug|x64.ActiveCfg = v140_Debug|x64
		{84761611-0B45-430F-8819-8975B521FE9A}.v140_Debug|x64.Build.0 = v140_Debug|x64
		{84761611-0B45-430F-8819-8975B521FE9A}.v140_Debug|x86.ActiveCfg = v140_Debug|Win32
		{84761611-0B45-430F-8819-8975B521FE9A}.v140_Debug|x86.Build.0 = v140_Debug|Win32
		{84761611-0B45-430F-8819-8975B521FE9A}.v140_Release|x64.ActiveCfg = v140_Release|x64
		{84761611-0B45-430F-8819-8975B521FE9A}.v140_Release|x64.Build.0 = v140_Release|x64
		{84761611-0B45-430F-8819-8975B521FE9A}.v140_Release|x86.ActiveCfg = v140_Release|Win32
		{84761611-0B45-430F-8819-8975B521FE9A}.v140_Release|x86.Build.0 = v140_Release|Win32
		{6BA680AF-291C-414C-84D9-F2F4CFE81423}.v140_Debug|x64.ActiveCfg = v140_Debug|x64
		{6BA680AF-291C-414C-84D9-F2F4CFE81423}.v140_Debug|x64.Build.0 = v140_Debug|x64
		{6BA680AF-291C-414C-84D9-F2F4CFE81423}.v140_Debug|x86.ActiveCfg = v140_Debug|Win32
		{6BA680AF-291C-414C-84D9-F2F4CFE81423}.v140_Debug|x86.Build.0 = v140_Debug|Win32
		{6BA680AF-291C-414C-84D9-F2F4CFE81423}.v140_Release|x64.ActiveCfg = v140_Release|x64
		{6BA680AF-291C-414C-84D9-F2F4CFE81423}.v140_Release|x64.Build.0 = v140_Release|x64
		{6BA680AF-291C-414C-84D9-F2F4CFE81423}.v140_Release|x86.ActiveCfg = v140_Release|Win32
		{6BA680AF-291C-414C-84D9-F2F4CFE81423}.v140_Release|x86.Build.0 = v140_Release|Win32
		{F64A50C3-EE8A-4BA7-AF31-0C9F58AFD8E8}.v140_Debug|x64.ActiveCfg = v140_Debug|x64
		{F64A50C3-EE8A-4BA7-AF31-0C9F58AFD8E8}.v140_Debug|x64.Build.0 = v140_Debug|x64
		{F64A50C3-EE8A-4BA7-AF31-0C9F58AFD8E8}.v140_Debug|x86.ActiveCfg = v140_Debug|Win32
		{F64A50C3-EE8A-4BA7-AF31-0C9F58AFD8E8}.v140_Debug|x86.Build.0 = v140_Debug|Win32
		{F64A50C3-EE8A-4BA7-AF31-0C9F58AFD8E8}.v140_Release|x64.ActiveCfg = v140_Release|x64
		{F64A50C3-EE8A-4BA7-AF31-0C9F58AFD8E8}.v140_Release|x64.Build.0 = v140_Release|x64
		{F64A50C3-EE8A-4BA7-AF31-0C9F58AFD8E8}.v140_Release|x86.ActiveCfg = v140_Release|Win32
		{F64A50C3-EE8A-4BA7-AF31-0C9F58AFD8E8}.v140_Release|x86.Build.0 = v140_Release|Win32
	EndGlobalSection
	GlobalSection(SolutionProperties) = preSolution
		HideSolutionNode = FALSE
	EndGlobalSection
EndGlobal
